{
  "requires": true,
  "lockfileVersion": 1,
  "dependencies": {
    "gitbook-plugin-chapter-fold": {
      "version": "0.0.4",
      "resolved": "https://registry.npmjs.org/gitbook-plugin-chapter-fold/-/gitbook-plugin-chapter-fold-0.0.4.tgz",
      "integrity": "sha512-pszjq24KVV7sZFsaYE/3e3fA9zkdMiK4QVlfxvlOiuPpoEWuZb1BbpurZTla8aNjyqbE5ifK4BxwKlHvgcAlsg=="
    },
    "gitbook-plugin-expandable-chapters": {
      "version": "0.2.0",
      "resolved": "https://registry.npmjs.org/gitbook-plugin-expandable-chapters/-/gitbook-plugin-expandable-chapters-0.2.0.tgz",
      "integrity": "sha1-RdcIeuaQekH0gSjFT+ViJKnBraI="
    },
    "gitbook-plugin-theme-comscore": {
      "version": "0.0.3",
      "resolved": "https://registry.npmjs.org/gitbook-plugin-theme-comscore/-/gitbook-plugin-theme-comscore-0.0.3.tgz",
      "integrity": "sha512-GNxYW3n10Pa6EAGx+7+dDVcyf7VambzyO6Mt5Y3x62fntyIOQWtqX46RgMZuhHbOtIeN/BR6T0DKlwoeUhmY0w=="
    }
  }
}
